
Microsoft Visual Studio Solution File, Format Version 12.00
# Visual Studio Version 16
VisualStudioVersion = 16.0.30523.141
MinimumVisualStudioVersion = 10.0.40219.1
Project("{8BC9CEB8-8B4A-11D0-8D11-00A0C91BC942}") = "1", "1\1.vcxproj", "{B48E796A-FD8D-446B-BB00-95E3F5263877}"
EndProject
Project("{8BC9CEB8-8B4A-11D0-8D11-00A0C91BC942}") = "3", "3\3.vcxproj", "{832CF66F-0E4C-4DBA-AE4B-E5204600BFE4}"
EndProject
Project("{8BC9CEB8-8B4A-11D0-8D11-00A0C91BC942}") = "4", "4\4.vcxproj", "{6A99BAD3-F3A7-4533-BE94-EAB05A411C97}"
EndProject
Project("{8BC9CEB8-8B4A-11D0-8D11-00A0C91BC942}") = "5", "5\5.vcxproj", "{53B04B96-E1FA-4AA2-BB47-CAF9E35BD0E3}"
EndProject
Project("{8BC9CEB8-8B4A-11D0-8D11-00A0C91BC942}") = "6", "6\6.vcxproj", "{6B652803-9F96-49C4-9752-5173D488CBDE}"
EndProject
Project("{8BC9CEB8-8B4A-11D0-8D11-00A0C91BC942}") = "7", "7\7.vcxproj", "{529CB876-ACDC-490B-A35D-8AEB95789F1C}"
EndProject
Project("{8BC9CEB8-8B4A-11D0-8D11-00A0C91BC942}") = "8", "8\8.vcxproj", "{ABC1BA3D-FD9C-4A52-B940-DB86CE5926EA}"
EndProject
Project("{8BC9CEB8-8B4A-11D0-8D11-00A0C91BC942}") = "9", "9\9.vcxproj", "{16853745-76CA-458E-A297-4BD212C46339}"
EndProject
Project("{8BC9CEB8-8B4A-11D0-8D11-00A0C91BC942}") = "10", "10\10.vcxproj", "{CCA10EFC-DDA7-4E44-8B16-18591CDA6B24}"
EndProject
Project("{8BC9CEB8-8B4A-11D0-8D11-00A0C91BC942}") = "2", "2\2.vcxproj", "{C5F5C869-AF9E-4160-AAB0-CB67FC531F29}"
EndProject
Global
	GlobalSection(SolutionConfigurationPlatforms) = preSolution
		Debug|x64 = Debug|x64
		Debug|x86 = Debug|x86
		Release|x64 = Release|x64
		Release|x86 = Release|x86
	EndGlobalSection
	GlobalSection(ProjectConfigurationPlatforms) = postSolution
		{B48E796A-FD8D-446B-BB00-95E3F5263877}.Debug|x64.ActiveCfg = Debug|x64
		{B48E796A-FD8D-446B-BB00-95E3F5263877}.Debug|x64.Build.0 = Debug|x64
		{B48E796A-FD8D-446B-BB00-95E3F5263877}.Debug|x86.ActiveCfg = Debug|Win32
		{B48E796A-FD8D-446B-BB00-95E3F5263877}.Debug|x86.Build.0 = Debug|Win32
		{B48E796A-FD8D-446B-BB00-95E3F5263877}.Release|x64.ActiveCfg = Release|x64
		{B48E796A-FD8D-446B-BB00-95E3F5263877}.Release|x64.Build.0 = Release|x64
		{B48E796A-FD8D-446B-BB00-95E3F5263877}.Release|x86.ActiveCfg = Release|Win32
		{B48E796A-FD8D-446B-BB00-95E3F5263877}.Release|x86.Build.0 = Release|Win32
		{832CF66F-0E4C-4DBA-AE4B-E5204600BFE4}.Debug|x64.ActiveCfg = Debug|x64
		{832CF66F-0E4C-4DBA-AE4B-E5204600BFE4}.Debug|x64.Build.0 = Debug|x64
		{832CF66F-0E4C-4DBA-AE4B-E5204600BFE4}.Debug|x86.ActiveCfg = Debug|Win32
		{832CF66F-0E4C-4DBA-AE4B-E5204600BFE4}.Debug|x86.Build.0 = Debug|Win32
		{832CF66F-0E4C-4DBA-AE4B-E5204600BFE4}.Release|x64.ActiveCfg = Release|x64
		{832CF66F-0E4C-4DBA-AE4B-E5204600BFE4}.Release|x64.Build.0 = Release|x64
		{832CF66F-0E4C-4DBA-AE4B-E5204600BFE4}.Release|x86.ActiveCfg = Release|Win32
		{832CF66F-0E4C-4DBA-AE4B-E5204600BFE4}.Release|x86.Build.0 = Release|Win32
		{6A99BAD3-F3A7-4533-BE94-EAB05A411C97}.Debug|x64.ActiveCfg = Debug|x64
		{6A99BAD3-F3A7-4533-BE94-EAB05A411C97}.Debug|x64.Build.0 = Debug|x64
		{6A99BAD3-F3A7-4533-BE94-EAB05A411C97}.Debug|x86.ActiveCfg = Debug|Win32
		{6A99BAD3-F3A7-4533-BE94-EAB05A411C97}.Debug|x86.Build.0 = Debug|Win32
		{6A99BAD3-F3A7-4533-BE94-EAB05A411C97}.Release|x64.ActiveCfg = Release|x64
		{6A99BAD3-F3A7-4533-BE94-EAB05A411C97}.Release|x64.Build.0 = Release|x64
		{6A99BAD3-F3A7-4533-BE94-EAB05A411C97}.Release|x86.ActiveCfg = Release|Win32
		{6A99BAD3-F3A7-4533-BE94-EAB05A411C97}.Release|x86.Build.0 = Release|Win32
		{53B04B96-E1FA-4AA2-BB47-CAF9E35BD0E3}.Debug|x64.ActiveCfg = Debug|x64
		{53B04B96-E1FA-4AA2-BB47-CAF9E35BD0E3}.Debug|x64.Build.0 = Debug|x64
		{53B04B96-E1FA-4AA2-BB47-CAF9E35BD0E3}.Debug|x86.ActiveCfg = Debug|Win32
		{53B04B96-E1FA-4AA2-BB47-CAF9E35BD0E3}.Debug|x86.Build.0 = Debug|Win32
		{53B04B96-E1FA-4AA2-BB47-CAF9E35BD0E3}.Release|x64.ActiveCfg = Release|x64
		{53B04B96-E1FA-4AA2-BB47-CAF9E35BD0E3}.Release|x64.Build.0 = Release|x64
		{53B04B96-E1FA-4AA2-BB47-CAF9E35BD0E3}.Release|x86.ActiveCfg = Release|Win32
		{53B04B96-E1FA-4AA2-BB47-CAF9E35BD0E3}.Release|x86.Build.0 = Release|Win32
		{6B652803-9F96-49C4-9752-5173D488CBDE}.Debug|x64.ActiveCfg = Debug|x64
		{6B652803-9F96-49C4-9752-5173D488CBDE}.Debug|x64.Build.0 = Debug|x64
		{6B652803-9F96-49C4-9752-5173D488CBDE}.Debug|x86.ActiveCfg = Debug|Win32
		{6B652803-9F96-49C4-9752-5173D488CBDE}.Debug|x86.Build.0 = Debug|Win32
		{6B652803-9F96-49C4-9752-5173D488CBDE}.Release|x64.ActiveCfg = Release|x64
		{6B652803-9F96-49C4-9752-5173D488CBDE}.Release|x64.Build.0 = Release|x64
		{6B652803-9F96-49C4-9752-5173D488CBDE}.Release|x86.ActiveCfg = Release|Win32
		{6B652803-9F96-49C4-9752-5173D488CBDE}.Release|x86.Build.0 = Release|Win32
		{529CB876-ACDC-490B-A35D-8AEB95789F1C}.Debug|x64.ActiveCfg = Debug|x64
		{529CB876-ACDC-490B-A35D-8AEB95789F1C}.Debug|x64.Build.0 = Debug|x64
		{529CB876-ACDC-490B-A35D-8AEB95789F1C}.Debug|x86.ActiveCfg = Debug|Win32
		{529CB876-ACDC-490B-A35D-8AEB95789F1C}.Debug|x86.Build.0 = Debug|Win32
		{529CB876-ACDC-490B-A35D-8AEB95789F1C}.Release|x64.ActiveCfg = Release|x64
		{529CB876-ACDC-490B-A35D-8AEB95789F1C}.Release|x64.Build.0 = Release|x64
		{529CB876-ACDC-490B-A35D-8AEB95789F1C}.Release|x86.ActiveCfg = Release|Win32
		{529CB876-ACDC-490B-A35D-8AEB95789F1C}.Release|x86.Build.0 = Release|Win32
		{ABC1BA3D-FD9C-4A52-B940-DB86CE5926EA}.Debug|x64.ActiveCfg = Debug|x64
		{ABC1BA3D-FD9C-4A52-B940-DB86CE5926EA}.Debug|x64.Build.0 = Debug|x64
		{ABC1BA3D-FD9C-4A52-B940-DB86CE5926EA}.Debug|x86.ActiveCfg = Debug|Win32
		{ABC1BA3D-FD9C-4A52-B940-DB86CE5926EA}.Debug|x86.Build.0 = Debug|Win32
		{ABC1BA3D-FD9C-4A52-B940-DB86CE5926EA}.Release|x64.ActiveCfg = Release|x64
		{ABC1BA3D-FD9C-4A52-B940-DB86CE5926EA}.Release|x64.Build.0 = Release|x64
		{ABC1BA3D-FD9C-4A52-B940-DB86CE5926EA}.Release|x86.ActiveCfg = Release|Win32
		{ABC1BA3D-FD9C-4A52-B940-DB86CE5926EA}.Release|x86.Build.0 = Release|Win32
		{16853745-76CA-458E-A297-4BD212C46339}.Debug|x64.ActiveCfg = Debug|x64
		{16853745-76CA-458E-A297-4BD212C46339}.Debug|x64.Build.0 = Debug|x64
		{16853745-76CA-458E-A297-4BD212C46339}.Debug|x86.ActiveCfg = Debug|Win32
		{16853745-76CA-458E-A297-4BD212C46339}.Debug|x86.Build.0 = Debug|Win32
		{16853745-76CA-458E-A297-4BD212C46339}.Release|x64.ActiveCfg = Release|x64
		{16853745-76CA-458E-A297-4BD212C46339}.Release|x64.Build.0 = Release|x64
		{16853745-76CA-458E-A297-4BD212C46339}.Release|x86.ActiveCfg = Release|Win32
		{16853745-76CA-458E-A297-4BD212C46339}.Release|x86.Build.0 = Release|Win32
		{CCA10EFC-DDA7-4E44-8B16-18591CDA6B24}.Debug|x64.ActiveCfg = Debug|x64
		{CCA10EFC-DDA7-4E44-8B16-18591CDA6B24}.Debug|x64.Build.0 = Debug|x64
		{CCA10EFC-DDA7-4E44-8B16-18591CDA6B24}.Debug|x86.ActiveCfg = Debug|Win32
		{CCA10EFC-DDA7-4E44-8B16-18591CDA6B24}.Debug|x86.Build.0 = Debug|Win32
		{CCA10EFC-DDA7-4E44-8B16-18591CDA6B24}.Release|x64.ActiveCfg = Release|x64
		{CCA10EFC-DDA7-4E44-8B16-18591CDA6B24}.Release|x64.Build.0 = Release|x64
		{CCA10EFC-DDA7-4E44-8B16-18591CDA6B24}.Release|x86.ActiveCfg = Release|Win32
		{CCA10EFC-DDA7-4E44-8B16-18591CDA6B24}.Release|x86.Build.0 = Release|Win32
		{C5F5C869-AF9E-4160-AAB0-CB67FC531F29}.Debug|x64.ActiveCfg = Debug|x64
		{C5F5C869-AF9E-4160-AAB0-CB67FC531F29}.Debug|x64.Build.0 = Debug|x64
		{C5F5C869-AF9E-4160-AAB0-CB67FC531F29}.Debug|x86.ActiveCfg = Debug|Win32
		{C5F5C869-AF9E-4160-AAB0-CB67FC531F29}.Debug|x86.Build.0 = Debug|Win32
		{C5F5C869-AF9E-4160-AAB0-CB67FC531F29}.Release|x64.ActiveCfg = Release|x64
		{C5F5C869-AF9E-4160-AAB0-CB67FC531F29}.Release|x64.Build.0 = Release|x64
		{C5F5C869-AF9E-4160-AAB0-CB67FC531F29}.Release|x86.ActiveCfg = Release|Win32
		{C5F5C869-AF9E-4160-AAB0-CB67FC531F29}.Release|x86.Build.0 = Release|Win32
	EndGlobalSection
	GlobalSection(SolutionProperties) = preSolution
		HideSolutionNode = FALSE
	EndGlobalSection
	GlobalSection(ExtensibilityGlobals) = postSolution
		SolutionGuid = {F7AB4BD0-7682-4427-AA3E-47E76EF59AC3}
	EndGlobalSection
EndGlobal
